
Microsoft Visual Studio Solution File, Format Version 11.00
# Visual Studio 2010
Project("{FAE04EC0-301F-11D3-BF4B-00C04F79EFBC}") = "296L8", "Assembly-CSharp.csproj", "{34BBBAC6-CA40-B738-53CE-D44A2D6C1D00}"
EndProject
Project("{FAE04EC0-301F-11D3-BF4B-00C04F79EFBC}") = "296L8", "Assembly-CSharp-Editor.csproj", "{11AA1641-1073-F749-6955-B2621FB1F1B9}"
EndProject
Global
	GlobalSection(SolutionConfigurationPlatforms) = preSolution
		Debug|Any CPU = Debug|Any CPU
		Release|Any CPU = Release|Any CPU
	EndGlobalSection
	GlobalSection(ProjectConfigurationPlatforms) = postSolution
		{34BBBAC6-CA40-B738-53CE-D44A2D6C1D00}.Debug|Any CPU.ActiveCfg = Debug|Any CPU
		{34BBBAC6-CA40-B738-53CE-D44A2D6C1D00}.Debug|Any CPU.Build.0 = Debug|Any CPU
		{34BBBAC6-CA40-B738-53CE-D44A2D6C1D00}.Release|Any CPU.ActiveCfg = Release|Any CPU
		{34BBBAC6-CA40-B738-53CE-D44A2D6C1D00}.Release|Any CPU.Build.0 = Release|Any CPU
		{11AA1641-1073-F749-6955-B2621FB1F1B9}.Debug|Any CPU.ActiveCfg = Debug|Any CPU
		{11AA1641-1073-F749-6955-B2621FB1F1B9}.Debug|Any CPU.Build.0 = Debug|Any CPU
		{11AA1641-1073-F749-6955-B2621FB1F1B9}.Release|Any CPU.ActiveCfg = Release|Any CPU
		{11AA1641-1073-F749-6955-B2621FB1F1B9}.Release|Any CPU.Build.0 = Release|Any CPU
	EndGlobalSection
	GlobalSection(SolutionProperties) = preSolution
		HideSolutionNode = FALSE
	EndGlobalSection
	GlobalSection(MonoDevelopProperties) = preSolution
		StartupItem = Assembly-CSharp.csproj
	EndGlobalSection
EndGlobal
